
Microsoft Visual Studio Solution File, Format Version 12.00
# Visual Studio Version 17
VisualStudioVersion = 17.14.36518.9 d17.14
MinimumVisualStudioVersion = 10.0.40219.1
Project("{2150E333-8FDC-42A3-9474-1A3956D46DE8}") = "src", "src", "{02EA681E-C7D8-13C7-8484-4AC65E1B71E8}"
EndProject
Project("{2150E333-8FDC-42A3-9474-1A3956D46DE8}") = "services", "services", "{9D5621C7-B03C-4340-AAEF-5D64630E3324}"
EndProject
Project("{2150E333-8FDC-42A3-9474-1A3956D46DE8}") = "catalog", "catalog", "{A7FD4E9B-6A63-408E-82C8-2EFA56F0B284}"
EndProject
Project("{FAE04EC0-301F-11D3-BF4B-00C04F79EFBC}") = "OnlineCourse.Microservice.Catalog.Api", "OnlineCourse.Microservice.Catalog.Api\OnlineCourse.Microservice.Catalog.Api.csproj", "{7EE4FEF7-5EA7-4E43-AAE8-34A56E91D733}"
EndProject
Global
	GlobalSection(SolutionConfigurationPlatforms) = preSolution
		Debug|Any CPU = Debug|Any CPU
		Release|Any CPU = Release|Any CPU
	EndGlobalSection
	GlobalSection(ProjectConfigurationPlatforms) = postSolution
		{7EE4FEF7-5EA7-4E43-AAE8-34A56E91D733}.Debug|Any CPU.ActiveCfg = Debug|Any CPU
		{7EE4FEF7-5EA7-4E43-AAE8-34A56E91D733}.Debug|Any CPU.Build.0 = Debug|Any CPU
		{7EE4FEF7-5EA7-4E43-AAE8-34A56E91D733}.Release|Any CPU.ActiveCfg = Release|Any CPU
		{7EE4FEF7-5EA7-4E43-AAE8-34A56E91D733}.Release|Any CPU.Build.0 = Release|Any CPU
	EndGlobalSection
	GlobalSection(SolutionProperties) = preSolution
		HideSolutionNode = FALSE
	EndGlobalSection
	GlobalSection(NestedProjects) = preSolution
		{9D5621C7-B03C-4340-AAEF-5D64630E3324} = {02EA681E-C7D8-13C7-8484-4AC65E1B71E8}
		{A7FD4E9B-6A63-408E-82C8-2EFA56F0B284} = {9D5621C7-B03C-4340-AAEF-5D64630E3324}
		{7EE4FEF7-5EA7-4E43-AAE8-34A56E91D733} = {A7FD4E9B-6A63-408E-82C8-2EFA56F0B284}
	EndGlobalSection
	GlobalSection(ExtensibilityGlobals) = postSolution
		SolutionGuid = {3D679B29-2CD8-4761-AB63-C2A907835338}
	EndGlobalSection
EndGlobal
